// !$*UTF8*$!
{
	archiveVersion = 1;
	classes = {
	};
	objectVersion = 50;
	objects = {

/* Begin PBXBuildFile section */
		A23277C52297AF1E00623DF5 /* mp3.swift in Sources */ = {isa = PBXBuildFile; fileRef = A23277C42297AF1E00623DF5 /* mp3.swift */; };
		A23277C8229809B200623DF5 /* FileListView.swift in Sources */ = {isa = PBXBuildFile; fileRef = A23277C7229809B200623DF5 /* FileListView.swift */; };
		A24095BD2296CA53000B2FF7 /* AppDelegate.swift in Sources */ = {isa = PBXBuildFile; fileRef = A24095BC2296CA53000B2FF7 /* AppDelegate.swift */; };
		A24095BF2296CA53000B2FF7 /* ViewController.swift in Sources */ = {isa = PBXBuildFile; fileRef = A24095BE2296CA53000B2FF7 /* ViewController.swift */; };
		A24095C12296CA54000B2FF7 /* Assets.xcassets in Resources */ = {isa = PBXBuildFile; fileRef = A24095C02296CA54000B2FF7 /* Assets.xcassets */; };
		A24095C42296CA54000B2FF7 /* Main.storyboard in Resources */ = {isa = PBXBuildFile; fileRef = A24095C22296CA54000B2FF7 /* Main.storyboard */; };
		A26BF9AF229AA677008A628D /* SplitView.swift in Sources */ = {isa = PBXBuildFile; fileRef = A26BF9AE229AA677008A628D /* SplitView.swift */; };
		A26BF9B1229ABB07008A628D /* MusicDetailView.swift in Sources */ = {isa = PBXBuildFile; fileRef = A26BF9B0229ABB07008A628D /* MusicDetailView.swift */; };
		A26BF9B3229AC02C008A628D /* logger.swift in Sources */ = {isa = PBXBuildFile; fileRef = A26BF9B2229AC02C008A628D /* logger.swift */; };
		A2861F2E22B219DF0059A955 /* DragImageView.swift in Sources */ = {isa = PBXBuildFile; fileRef = A2861F2D22B219DF0059A955 /* DragImageView.swift */; };
		A2ACBCD422A0330000D1A4E6 /* OperationView.swift in Sources */ = {isa = PBXBuildFile; fileRef = A2ACBCD322A0330000D1A4E6 /* OperationView.swift */; };
/* End PBXBuildFile section */

/* Begin PBXFileReference section */
		A23277C42297AF1E00623DF5 /* mp3.swift */ = {isa = PBXFileReference; lastKnownFileType = sourcecode.swift; path = mp3.swift; sourceTree = "<group>"; };
		A23277C7229809B200623DF5 /* FileListView.swift */ = {isa = PBXFileReference; lastKnownFileType = sourcecode.swift; path = FileListView.swift; sourceTree = "<group>"; };
		A24095B92296CA53000B2FF7 /* MyMacApp.app */ = {isa = PBXFileReference; explicitFileType = wrapper.application; includeInIndex = 0; path = MyMacApp.app; sourceTree = BUILT_PRODUCTS_DIR; };
		A24095BC2296CA53000B2FF7 /* AppDelegate.swift */ = {isa = PBXFileReference; lastKnownFileType = sourcecode.swift; path = AppDelegate.swift; sourceTree = "<group>"; };
		A24095BE2296CA53000B2FF7 /* ViewController.swift */ = {isa = PBXFileReference; lastKnownFileType = sourcecode.swift; path = ViewController.swift; sourceTree = "<group>"; };
		A24095C02296CA54000B2FF7 /* Assets.xcassets */ = {isa = PBXFileReference; lastKnownFileType = folder.assetcatalog; path = Assets.xcassets; sourceTree = "<group>"; };
		A24095C32296CA54000B2FF7 /* Base */ = {isa = PBXFileReference; lastKnownFileType = file.storyboard; name = Base; path = Base.lproj/Main.storyboard; sourceTree = "<group>"; };
		A24095C52296CA54000B2FF7 /* Info.plist */ = {isa = PBXFileReference; lastKnownFileType = text.plist.xml; path = Info.plist; sourceTree = "<group>"; };
		A24095C62296CA54000B2FF7 /* MyMacApp.entitlements */ = {isa = PBXFileReference; lastKnownFileType = text.plist.entitlements; path = MyMacApp.entitlements; sourceTree = "<group>"; };
		A26BF9AE229AA677008A628D /* SplitView.swift */ = {isa = PBXFileReference; lastKnownFileType = sourcecode.swift; path = SplitView.swift; sourceTree = "<group>"; };
		A26BF9B0229ABB07008A628D /* MusicDetailView.swift */ = {isa = PBXFileReference; lastKnownFileType = sourcecode.swift; path = MusicDetailView.swift; sourceTree = "<group>"; };
		A26BF9B2229AC02C008A628D /* logger.swift */ = {isa = PBXFileReference; lastKnownFileType = sourcecode.swift; path = logger.swift; sourceTree = "<group>"; };
		A2861F2D22B219DF0059A955 /* DragImageView.swift */ = {isa = PBXFileReference; lastKnownFileType = sourcecode.swift; path = DragImageView.swift; sourceTree = "<group>"; };
		A2ACBCD322A0330000D1A4E6 /* OperationView.swift */ = {isa = PBXFileReference; lastKnownFileType = sourcecode.swift; path = OperationView.swift; sourceTree = "<group>"; };
/* End PBXFileReference section */

/* Begin PBXFrameworksBuildPhase section */
		A24095B62296CA53000B2FF7 /* Frameworks */ = {
			isa = PBXFrameworksBuildPhase;
			buildActionMask = 2147483647;
			files = (
			);
			runOnlyForDeploymentPostprocessing = 0;
		};
/* End PBXFrameworksBuildPhase section */

/* Begin PBXGroup section */
		A23277C32297AEFC00623DF5 /* util */ = {
			isa = PBXGroup;
			children = (
				A23277C42297AF1E00623DF5 /* mp3.swift */,
				A26BF9B2229AC02C008A628D /* logger.swift */,
			);
			path = util;
			sourceTree = "<group>";
		};
		A23277C62298097800623DF5 /* view */ = {
			isa = PBXGroup;
			children = (
				A23277C7229809B200623DF5 /* FileListView.swift */,
				A26BF9AE229AA677008A628D /* SplitView.swift */,
				A26BF9B0229ABB07008A628D /* MusicDetailView.swift */,
				A2ACBCD322A0330000D1A4E6 /* OperationView.swift */,
				A2861F2D22B219DF0059A955 /* DragImageView.swift */,
			);
			path = view;
			sourceTree = "<group>";
		};
		A24095B02296CA53000B2FF7 = {
			isa = PBXGroup;
			children = (
				A24095BB2296CA53000B2FF7 /* MyMacApp */,
				A24095BA2296CA53000B2FF7 /* Products */,
			);
			sourceTree = "<group>";
		};
		A24095BA2296CA53000B2FF7 /* Products */ = {
			isa = PBXGroup;
			children = (
				A24095B92296CA53000B2FF7 /* MyMacApp.app */,
			);
			name = Products;
			sourceTree = "<group>";
		};
		A24095BB2296CA53000B2FF7 /* MyMacApp */ = {
			isa = PBXGroup;
			children = (
				A23277C62298097800623DF5 /* view */,
				A23277C32297AEFC00623DF5 /* util */,
				A24095BC2296CA53000B2FF7 /* AppDelegate.swift */,
				A24095BE2296CA53000B2FF7 /* ViewController.swift */,
				A24095C02296CA54000B2FF7 /* Assets.xcassets */,
				A24095C22296CA54000B2FF7 /* Main.storyboard */,
				A24095C52296CA54000B2FF7 /* Info.plist */,
				A24095C62296CA54000B2FF7 /* MyMacApp.entitlements */,
			);
			path = MyMacApp;
			sourceTree = "<group>";
		};
/* End PBXGroup section */

/* Begin PBXNativeTarget section */
		A24095B82296CA53000B2FF7 /* MyMacApp */ = {
			isa = PBXNativeTarget;
			buildConfigurationList = A24095C92296CA54000B2FF7 /* Build configuration list for PBXNativeTarget "MyMacApp" */;
			buildPhases = (
				A24095B52296CA53000B2FF7 /* Sources */,
				A24095B62296CA53000B2FF7 /* Frameworks */,
				A24095B72296CA53000B2FF7 /* Resources */,
			);
			buildRules = (
			);
			dependencies = (
			);
			name = MyMacApp;
			productName = MyMacApp;
			productReference = A24095B92296CA53000B2FF7 /* MyMacApp.app */;
			productType = "com.apple.product-type.application";
		};
/* End PBXNativeTarget section */

/* Begin PBXProject section */
		A24095B12296CA53000B2FF7 /* Project object */ = {
			isa = PBXProject;
			attributes = {
				LastSwiftUpdateCheck = 1020;
				LastUpgradeCheck = 1020;
				ORGANIZATIONNAME = Yunhao;
				TargetAttributes = {
					A24095B82296CA53000B2FF7 = {
						CreatedOnToolsVersion = 10.2.1;
						SystemCapabilities = {
							com.apple.Sandbox = {
								enabled = 0;
							};
						};
					};
				};
			};
			buildConfigurationList = A24095B42296CA53000B2FF7 /* Build configuration list for PBXProject "MyMacApp" */;
			compatibilityVersion = "Xcode 9.3";
			developmentRegion = en;
			hasScannedForEncodings = 0;
			knownRegions = (
				en,
				Base,
			);
			mainGroup = A24095B02296CA53000B2FF7;
			productRefGroup = A24095BA2296CA53000B2FF7 /* Products */;
			projectDirPath = "";
			projectRoot = "";
			targets = (
				A24095B82296CA53000B2FF7 /* MyMacApp */,
			);
		};
/* End PBXProject section */

/* Begin PBXResourcesBuildPhase section */
		A24095B72296CA53000B2FF7 /* Resources */ = {
			isa = PBXResourcesBuildPhase;
			buildActionMask = 2147483647;
			files = (
				A24095C12296CA54000B2FF7 /* Assets.xcassets in Resources */,
				A24095C42296CA54000B2FF7 /* Main.storyboard in Resources */,
			);
			runOnlyForDeploymentPostprocessing = 0;
		};
/* End PBXResourcesBuildPhase section */

/* Begin PBXSourcesBuildPhase section */
		A24095B52296CA53000B2FF7 /* Sources */ = {
			isa = PBXSourcesBuildPhase;
			buildActionMask = 2147483647;
			files = (
				A26BF9AF229AA677008A628D /* SplitView.swift in Sources */,
				A2861F2E22B219DF0059A955 /* DragImageView.swift in Sources */,
				A23277C52297AF1E00623DF5 /* mp3.swift in Sources */,
				A2ACBCD422A0330000D1A4E6 /* OperationView.swift in Sources */,
				A24095BF2296CA53000B2FF7 /* ViewController.swift in Sources */,
				A23277C8229809B200623DF5 /* FileListView.swift in Sources */,
				A24095BD2296CA53000B2FF7 /* AppDelegate.swift in Sources */,
				A26BF9B3229AC02C008A628D /* logger.swift in Sources */,
				A26BF9B1229ABB07008A628D /* MusicDetailView.swift in Sources */,
			);
			runOnlyForDeploymentPostprocessing = 0;
		};
/* End PBXSourcesBuildPhase section */

/* Begin PBXVariantGroup section */
		A24095C22296CA54000B2FF7 /* Main.storyboard */ = {
			isa = PBXVariantGroup;
			children = (
				A24095C32296CA54000B2FF7 /* Base */,
			);
			name = Main.storyboard;
			sourceTree = "<group>";
		};
/* End PBXVariantGroup section */

/* Begin XCBuildConfiguration section */
		A24095C72296CA54000B2FF7 /* Debug */ = {
			isa = XCBuildConfiguration;
			buildSettings = {
				ALWAYS_SEARCH_USER_PATHS = NO;
				CLANG_ANALYZER_NONNULL = YES;
				CLANG_ANALYZER_NUMBER_OBJECT_CONVERSION = YES_AGGRESSIVE;
				CLANG_CXX_LANGUAGE_STANDARD = "gnu++14";
				CLANG_CXX_LIBRARY = "libc++";
				CLANG_ENABLE_MODULES = YES;
				CLANG_ENABLE_OBJC_ARC = YES;
				CLANG_ENABLE_OBJC_WEAK = YES;
				CLANG_WARN_BLOCK_CAPTURE_AUTORELEASING = YES;
				CLANG_WARN_BOOL_CONVERSION = YES;
				CLANG_WARN_COMMA = YES;
				CLANG_WARN_CONSTANT_CONVERSION = YES;
				CLANG_WARN_DEPRECATED_OBJC_IMPLEMENTATIONS = YES;
				CLANG_WARN_DIRECT_OBJC_ISA_USAGE = YES_ERROR;
				CLANG_WARN_DOCUMENTATION_COMMENTS = YES;
				CLANG_WARN_EMPTY_BODY = YES;
				CLANG_WARN_ENUM_CONVERSION = YES;
				CLANG_WARN_INFINITE_RECURSION = YES;
				CLANG_WARN_INT_CONVERSION = YES;
				CLANG_WARN_NON_LITERAL_NULL_CONVERSION = YES;
				CLANG_WARN_OBJC_IMPLICIT_RETAIN_SELF = YES;
				CLANG_WARN_OBJC_LITERAL_CONVERSION = YES;
				CLANG_WARN_OBJC_ROOT_CLASS = YES_ERROR;
				CLANG_WARN_RANGE_LOOP_ANALYSIS = YES;
				CLANG_WARN_STRICT_PROTOTYPES = YES;
				CLANG_WARN_SUSPICIOUS_MOVE = YES;
				CLANG_WARN_UNGUARDED_AVAILABILITY = YES_AGGRESSIVE;
				CLANG_WARN_UNREACHABLE_CODE = YES;
				CLANG_WARN__DUPLICATE_METHOD_MATCH = YES;
				CODE_SIGN_IDENTITY = "Mac Developer";
				COPY_PHASE_STRIP = NO;
				DEBUG_INFORMATION_FORMAT = dwarf;
				ENABLE_STRICT_OBJC_MSGSEND = YES;
				ENABLE_TESTABILITY = YES;
				GCC_C_LANGUAGE_STANDARD = gnu11;
				GCC_DYNAMIC_NO_PIC = NO;
				GCC_NO_COMMON_BLOCKS = YES;
				GCC_OPTIMIZATION_LEVEL = 0;
				GCC_PREPROCESSOR_DEFINITIONS = (
					"DEBUG=1",
					"$(inherited)",
				);
				GCC_WARN_64_TO_32_BIT_CONVERSION = YES;
				GCC_WARN_ABOUT_RETURN_TYPE = YES_ERROR;
				GCC_WARN_UNDECLARED_SELECTOR = YES;
				GCC_WARN_UNINITIALIZED_AUTOS = YES_AGGRESSIVE;
				GCC_WARN_UNUSED_FUNCTION = YES;
				GCC_WARN_UNUSED_VARIABLE = YES;
				MACOSX_DEPLOYMENT_TARGET = 10.14;
				MTL_ENABLE_DEBUG_INFO = INCLUDE_SOURCE;
				MTL_FAST_MATH = YES;
				ONLY_ACTIVE_ARCH = YES;
				SDKROOT = macosx;
				SWIFT_ACTIVE_COMPILATION_CONDITIONS = DEBUG;
				SWIFT_OPTIMIZATION_LEVEL = "-Onone";
			};
			name = Debug;
		};
		A24095C82296CA54000B2FF7 /* Release */ = {
			isa = XCBuildConfiguration;
			buildSettings = {
				ALWAYS_SEARCH_USER_PATHS = NO;
				CLANG_ANALYZER_NONNULL = YES;
				CLANG_ANALYZER_NUMBER_OBJECT_CONVERSION = YES_AGGRESSIVE;
				CLANG_CXX_LANGUAGE_STANDARD = "gnu++14";
				CLANG_CXX_LIBRARY = "libc++";
				CLANG_ENABLE_MODULES = YES;
				CLANG_ENABLE_OBJC_ARC = YES;
				CLANG_ENABLE_OBJC_WEAK = YES;
				CLANG_WARN_BLOCK_CAPTURE_AUTORELEASING = YES;
				CLANG_WARN_BOOL_CONVERSION = YES;
				CLANG_WARN_COMMA = YES;
				CLANG_WARN_CONSTANT_CONVERSION = YES;
				CLANG_WARN_DEPRECATED_OBJC_IMPLEMENTATIONS = YES;
				CLANG_WARN_DIRECT_OBJC_ISA_USAGE = YES_ERROR;
				CLANG_WARN_DOCUMENTATION_COMMENTS = YES;
				CLANG_WARN_EMPTY_BODY = YES;
				CLANG_WARN_ENUM_CONVERSION = YES;
				CLANG_WARN_INFINITE_RECURSION = YES;
				CLANG_WARN_INT_CONVERSION = YES;
				CLANG_WARN_NON_LITERAL_NULL_CONVERSION = YES;
				CLANG_WARN_OBJC_IMPLICIT_RETAIN_SELF = YES;
				CLANG_WARN_OBJC_LITERAL_CONVERSION = YES;
				CLANG_WARN_OBJC_ROOT_CLASS = YES_ERROR;
				CLANG_WARN_RANGE_LOOP_ANALYSIS = YES;
				CLANG_WARN_STRICT_PROTOTYPES = YES;
				CLANG_WARN_SUSPICIOUS_MOVE = YES;
				CLANG_WARN_UNGUARDED_AVAILABILITY = YES_AGGRESSIVE;
				CLANG_WARN_UNREACHABLE_CODE = YES;
				CLANG_WARN__DUPLICATE_METHOD_MATCH = YES;
				CODE_SIGN_IDENTITY = "Mac Developer";
				COPY_PHASE_STRIP = NO;
				DEBUG_INFORMATION_FORMAT = "dwarf-with-dsym";
				ENABLE_NS_ASSERTIONS = NO;
				ENABLE_STRICT_OBJC_MSGSEND = YES;
				GCC_C_LANGUAGE_STANDARD = gnu11;
				GCC_NO_COMMON_BLOCKS = YES;
				GCC_WARN_64_TO_32_BIT_CONVERSION = YES;
				GCC_WARN_ABOUT_RETURN_TYPE = YES_ERROR;
				GCC_WARN_UNDECLARED_SELECTOR = YES;
				GCC_WARN_UNINITIALIZED_AUTOS = YES_AGGRESSIVE;
				GCC_WARN_UNUSED_FUNCTION = YES;
				GCC_WARN_UNUSED_VARIABLE = YES;
				MACOSX_DEPLOYMENT_TARGET = 10.14;
				MTL_ENABLE_DEBUG_INFO = NO;
				MTL_FAST_MATH = YES;
				SDKROOT = macosx;
				SWIFT_COMPILATION_MODE = wholemodule;
				SWIFT_OPTIMIZATION_LEVEL = "-O";
			};
			name = Release;
		};
		A24095CA2296CA54000B2FF7 /* Debug */ = {
			isa = XCBuildConfiguration;
			buildSettings = {
				ASSETCATALOG_COMPILER_APPICON_NAME = AppIcon;
				CODE_SIGN_STYLE = Automatic;
				COMBINE_HIDPI_IMAGES = YES;
				DEVELOPMENT_TEAM = LMJK2Q96M9;
				INFOPLIST_FILE = MyMacApp/Info.plist;
				LD_RUNPATH_SEARCH_PATHS = (
					"$(inherited)",
					"@executable_path/../Frameworks",
				);
				PRODUCT_BUNDLE_IDENTIFIER = com.yunhao.MyMacApp;
				PRODUCT_NAME = "$(TARGET_NAME)";
				SWIFT_VERSION = 5.0;
			};
			name = Debug;
		};
		A24095CB2296CA54000B2FF7 /* Release */ = {
			isa = XCBuildConfiguration;
			buildSettings = {
				ASSETCATALOG_COMPILER_APPICON_NAME = AppIcon;
				CODE_SIGN_STYLE = Automatic;
				COMBINE_HIDPI_IMAGES = YES;
				DEVELOPMENT_TEAM = LMJK2Q96M9;
				INFOPLIST_FILE = MyMacApp/Info.plist;
				LD_RUNPATH_SEARCH_PATHS = (
					"$(inherited)",
					"@executable_path/../Frameworks",
				);
				PRODUCT_BUNDLE_IDENTIFIER = com.yunhao.MyMacApp;
				PRODUCT_NAME = "$(TARGET_NAME)";
				SWIFT_VERSION = 5.0;
			};
			name = Release;
		};
/* End XCBuildConfiguration section */

/* Begin XCConfigurationList section */
		A24095B42296CA53000B2FF7 /* Build configuration list for PBXProject "MyMacApp" */ = {
			isa = XCConfigurationList;
			buildConfigurations = (
				A24095C72296CA54000B2FF7 /* Debug */,
				A24095C82296CA54000B2FF7 /* Release */,
			);
			defaultConfigurationIsVisible = 0;
			defaultConfigurationName = Release;
		};
		A24095C92296CA54000B2FF7 /* Build configuration list for PBXNativeTarget "MyMacApp" */ = {
			isa = XCConfigurationList;
			buildConfigurations = (
				A24095CA2296CA54000B2FF7 /* Debug */,
				A24095CB2296CA54000B2FF7 /* Release */,
			);
			defaultConfigurationIsVisible = 0;
			defaultConfigurationName = Release;
		};
/* End XCConfigurationList section */
	};
	rootObject = A24095B12296CA53000B2FF7 /* Project object */;
}
